// !$*UTF8*$!
{
	archiveVersion = 1;
	classes = {
	};
	objectVersion = 46;
	objects = {

/* Begin PBXBuildFile section */
		84E20E2FD5FD2AE56CC2AF7A /* libPods-MusicBrainzTests.a in Frameworks */ = {isa = PBXBuildFile; fileRef = 0DBA124568BC7F5A833A25C1 /* libPods-MusicBrainzTests.a */; };
		EE71409A1BB2352600873347 /* main.m in Sources */ = {isa = PBXBuildFile; fileRef = EE7140991BB2352600873347 /* main.m */; };
		EE71409D1BB2352600873347 /* AppDelegate.m in Sources */ = {isa = PBXBuildFile; fileRef = EE71409C1BB2352600873347 /* AppDelegate.m */; };
		EE7140A01BB2352600873347 /* HomeViewController.m in Sources */ = {isa = PBXBuildFile; fileRef = EE71409F1BB2352600873347 /* HomeViewController.m */; };
		EE7140A31BB2352600873347 /* Main.storyboard in Resources */ = {isa = PBXBuildFile; fileRef = EE7140A11BB2352600873347 /* Main.storyboard */; };
		EE7140A51BB2352600873347 /* Assets.xcassets in Resources */ = {isa = PBXBuildFile; fileRef = EE7140A41BB2352600873347 /* Assets.xcassets */; };
		EE7140A81BB2352600873347 /* LaunchScreen.storyboard in Resources */ = {isa = PBXBuildFile; fileRef = EE7140A61BB2352600873347 /* LaunchScreen.storyboard */; };
		EE7140B31BB2352600873347 /* MusicBrainzTests.m in Sources */ = {isa = PBXBuildFile; fileRef = EE7140B21BB2352600873347 /* MusicBrainzTests.m */; };
		EE7140E01BB2369900873347 /* MbzData.m in Sources */ = {isa = PBXBuildFile; fileRef = EE7140C01BB2369900873347 /* MbzData.m */; settings = {ASSET_TAGS = (); }; };
		EE7140E11BB2369900873347 /* MbzDataAliase.m in Sources */ = {isa = PBXBuildFile; fileRef = EE7140C21BB2369900873347 /* MbzDataAliase.m */; settings = {ASSET_TAGS = (); }; };
		EE7140E21BB2369900873347 /* MbzDataArea.m in Sources */ = {isa = PBXBuildFile; fileRef = EE7140C41BB2369900873347 /* MbzDataArea.m */; settings = {ASSET_TAGS = (); }; };
		EE7140E31BB2369900873347 /* MbzDataArtist.m in Sources */ = {isa = PBXBuildFile; fileRef = EE7140C61BB2369900873347 /* MbzDataArtist.m */; settings = {ASSET_TAGS = (); }; };
		EE7140E41BB2369900873347 /* MbzDataLifeSpan.m in Sources */ = {isa = PBXBuildFile; fileRef = EE7140C81BB2369900873347 /* MbzDataLifeSpan.m */; settings = {ASSET_TAGS = (); }; };
		EE7140E51BB2369900873347 /* MbzDataTag.m in Sources */ = {isa = PBXBuildFile; fileRef = EE7140CA1BB2369900873347 /* MbzDataTag.m */; settings = {ASSET_TAGS = (); }; };
		EE7140E61BB2369900873347 /* MbzApi+WebService.m in Sources */ = {isa = PBXBuildFile; fileRef = EE7140CC1BB2369900873347 /* MbzApi+WebService.m */; settings = {ASSET_TAGS = (); }; };
		EE7140E71BB2369900873347 /* MbzApi+WebServiceBrowse.m in Sources */ = {isa = PBXBuildFile; fileRef = EE7140CE1BB2369900873347 /* MbzApi+WebServiceBrowse.m */; settings = {ASSET_TAGS = (); }; };
		EE7140E81BB2369900873347 /* MbzApi+WebServiceLookup.m in Sources */ = {isa = PBXBuildFile; fileRef = EE7140D01BB2369900873347 /* MbzApi+WebServiceLookup.m */; settings = {ASSET_TAGS = (); }; };
		EE7140E91BB2369900873347 /* MbzApi+WebServiceSearch.m in Sources */ = {isa = PBXBuildFile; fileRef = EE7140D21BB2369900873347 /* MbzApi+WebServiceSearch.m */; settings = {ASSET_TAGS = (); }; };
		EE7140EA1BB2369900873347 /* MbzApi.m in Sources */ = {isa = PBXBuildFile; fileRef = EE7140D41BB2369900873347 /* MbzApi.m */; settings = {ASSET_TAGS = (); }; };
		EE7140EB1BB2369900873347 /* MbzError.m in Sources */ = {isa = PBXBuildFile; fileRef = EE7140D71BB2369900873347 /* MbzError.m */; settings = {ASSET_TAGS = (); }; };
		EE7140EC1BB2369900873347 /* MbzResponse.m in Sources */ = {isa = PBXBuildFile; fileRef = EE7140D91BB2369900873347 /* MbzResponse.m */; settings = {ASSET_TAGS = (); }; };
		EE7140ED1BB2369900873347 /* NSString+DoubleQuotesString.m in Sources */ = {isa = PBXBuildFile; fileRef = EE7140DB1BB2369900873347 /* NSString+DoubleQuotesString.m */; settings = {ASSET_TAGS = (); }; };
		EE7140EE1BB2369900873347 /* NSString+URLQueryString.m in Sources */ = {isa = PBXBuildFile; fileRef = EE7140DD1BB2369900873347 /* NSString+URLQueryString.m */; settings = {ASSET_TAGS = (); }; };
		EE7140EF1BB2369900873347 /* RawResponse.m in Sources */ = {isa = PBXBuildFile; fileRef = EE7140DF1BB2369900873347 /* RawResponse.m */; settings = {ASSET_TAGS = (); }; };
		EE7140F71BB2493E00873347 /* ListViewController.m in Sources */ = {isa = PBXBuildFile; fileRef = EE7140F61BB2493E00873347 /* ListViewController.m */; settings = {ASSET_TAGS = (); }; };
		EE7140FA1BB2497700873347 /* ListViewDataLoader.m in Sources */ = {isa = PBXBuildFile; fileRef = EE7140F91BB2497700873347 /* ListViewDataLoader.m */; settings = {ASSET_TAGS = (); }; };
		EE7140FD1BB24AF500873347 /* SearchListViewController.m in Sources */ = {isa = PBXBuildFile; fileRef = EE7140FC1BB24AF500873347 /* SearchListViewController.m */; settings = {ASSET_TAGS = (); }; };
		EE7141001BB24BF700873347 /* MbzArtistListViewController.m in Sources */ = {isa = PBXBuildFile; fileRef = EE7140FF1BB24BF700873347 /* MbzArtistListViewController.m */; settings = {ASSET_TAGS = (); }; };
		EE7141031BB24CB500873347 /* MbzReleaseListViewController.m in Sources */ = {isa = PBXBuildFile; fileRef = EE7141021BB24CB500873347 /* MbzReleaseListViewController.m */; settings = {ASSET_TAGS = (); }; };
		EE7141061BB250E300873347 /* MbzRecordingListViewController.m in Sources */ = {isa = PBXBuildFile; fileRef = EE7141051BB250E300873347 /* MbzRecordingListViewController.m */; settings = {ASSET_TAGS = (); }; };
		EE71410C1BB277E000873347 /* MbzAreaListViewController.m in Sources */ = {isa = PBXBuildFile; fileRef = EE71410B1BB277E000873347 /* MbzAreaListViewController.m */; settings = {ASSET_TAGS = (); }; };
		EE71410F1BB2782C00873347 /* MbzInstrumentListViewController.m in Sources */ = {isa = PBXBuildFile; fileRef = EE71410E1BB2782C00873347 /* MbzInstrumentListViewController.m */; settings = {ASSET_TAGS = (); }; };
		F4908422F85D261E1DB77D9D /* libPods.a in Frameworks */ = {isa = PBXBuildFile; fileRef = 8AB568F8A681E595DE5D5373 /* libPods.a */; };
/* End PBXBuildFile section */

/* Begin PBXContainerItemProxy section */
		EE7140AF1BB2352600873347 /* PBXContainerItemProxy */ = {
			isa = PBXContainerItemProxy;
			containerPortal = EE71408D1BB2352600873347 /* Project object */;
			proxyType = 1;
			remoteGlobalIDString = EE7140941BB2352600873347;
			remoteInfo = MusicBrainz;
		};
/* End PBXContainerItemProxy section */

/* Begin PBXFileReference section */
		0DBA124568BC7F5A833A25C1 /* libPods-MusicBrainzTests.a */ = {isa = PBXFileReference; explicitFileType = archive.ar; includeInIndex = 0; path = "libPods-MusicBrainzTests.a"; sourceTree = BUILT_PRODUCTS_DIR; };
		3A9D56BCBAB0E2BA5AD9AD08 /* Pods-MusicBrainzTests.release.xcconfig */ = {isa = PBXFileReference; includeInIndex = 1; lastKnownFileType = text.xcconfig; name = "Pods-MusicBrainzTests.release.xcconfig"; path = "Pods/Target Support Files/Pods-MusicBrainzTests/Pods-MusicBrainzTests.release.xcconfig"; sourceTree = "<group>"; };
		8AB568F8A681E595DE5D5373 /* libPods.a */ = {isa = PBXFileReference; explicitFileType = archive.ar; includeInIndex = 0; path = libPods.a; sourceTree = BUILT_PRODUCTS_DIR; };
		9E2EC8B28C46310E1D64BB40 /* Pods.release.xcconfig */ = {isa = PBXFileReference; includeInIndex = 1; lastKnownFileType = text.xcconfig; name = Pods.release.xcconfig; path = "Pods/Target Support Files/Pods/Pods.release.xcconfig"; sourceTree = "<group>"; };
		A4538D9968D53EE7BAB5B778 /* Pods-MusicBrainzTests.debug.xcconfig */ = {isa = PBXFileReference; includeInIndex = 1; lastKnownFileType = text.xcconfig; name = "Pods-MusicBrainzTests.debug.xcconfig"; path = "Pods/Target Support Files/Pods-MusicBrainzTests/Pods-MusicBrainzTests.debug.xcconfig"; sourceTree = "<group>"; };
		DCE3F75C505572CEA64F0525 /* Pods.debug.xcconfig */ = {isa = PBXFileReference; includeInIndex = 1; lastKnownFileType = text.xcconfig; name = Pods.debug.xcconfig; path = "Pods/Target Support Files/Pods/Pods.debug.xcconfig"; sourceTree = "<group>"; };
		EE7140951BB2352600873347 /* MusicBrainz.app */ = {isa = PBXFileReference; explicitFileType = wrapper.application; includeInIndex = 0; path = MusicBrainz.app; sourceTree = BUILT_PRODUCTS_DIR; };
		EE7140991BB2352600873347 /* main.m */ = {isa = PBXFileReference; lastKnownFileType = sourcecode.c.objc; path = main.m; sourceTree = "<group>"; };
		EE71409B1BB2352600873347 /* AppDelegate.h */ = {isa = PBXFileReference; lastKnownFileType = sourcecode.c.h; path = AppDelegate.h; sourceTree = "<group>"; };
		EE71409C1BB2352600873347 /* AppDelegate.m */ = {isa = PBXFileReference; lastKnownFileType = sourcecode.c.objc; path = AppDelegate.m; sourceTree = "<group>"; };
		EE71409E1BB2352600873347 /* HomeViewController.h */ = {isa = PBXFileReference; lastKnownFileType = sourcecode.c.h; path = HomeViewController.h; sourceTree = "<group>"; };
		EE71409F1BB2352600873347 /* HomeViewController.m */ = {isa = PBXFileReference; lastKnownFileType = sourcecode.c.objc; path = HomeViewController.m; sourceTree = "<group>"; };
		EE7140A21BB2352600873347 /* Base */ = {isa = PBXFileReference; lastKnownFileType = file.storyboard; name = Base; path = Base.lproj/Main.storyboard; sourceTree = "<group>"; };
		EE7140A41BB2352600873347 /* Assets.xcassets */ = {isa = PBXFileReference; lastKnownFileType = folder.assetcatalog; path = Assets.xcassets; sourceTree = "<group>"; };
		EE7140A71BB2352600873347 /* Base */ = {isa = PBXFileReference; lastKnownFileType = file.storyboard; name = Base; path = Base.lproj/LaunchScreen.storyboard; sourceTree = "<group>"; };
		EE7140A91BB2352600873347 /* Info.plist */ = {isa = PBXFileReference; lastKnownFileType = text.plist.xml; path = Info.plist; sourceTree = "<group>"; };
		EE7140AE1BB2352600873347 /* MusicBrainzTests.xctest */ = {isa = PBXFileReference; explicitFileType = wrapper.cfbundle; includeInIndex = 0; path = MusicBrainzTests.xctest; sourceTree = BUILT_PRODUCTS_DIR; };
		EE7140B21BB2352600873347 /* MusicBrainzTests.m */ = {isa = PBXFileReference; lastKnownFileType = sourcecode.c.objc; path = MusicBrainzTests.m; sourceTree = "<group>"; };
		EE7140B41BB2352600873347 /* Info.plist */ = {isa = PBXFileReference; lastKnownFileType = text.plist.xml; path = Info.plist; sourceTree = "<group>"; };
		EE7140BF1BB2369900873347 /* MbzData.h */ = {isa = PBXFileReference; fileEncoding = 4; lastKnownFileType = sourcecode.c.h; path = MbzData.h; sourceTree = "<group>"; };
		EE7140C01BB2369900873347 /* MbzData.m */ = {isa = PBXFileReference; fileEncoding = 4; lastKnownFileType = sourcecode.c.objc; path = MbzData.m; sourceTree = "<group>"; };
		EE7140C11BB2369900873347 /* MbzDataAliase.h */ = {isa = PBXFileReference; fileEncoding = 4; lastKnownFileType = sourcecode.c.h; path = MbzDataAliase.h; sourceTree = "<group>"; };
		EE7140C21BB2369900873347 /* MbzDataAliase.m */ = {isa = PBXFileReference; fileEncoding = 4; lastKnownFileType = sourcecode.c.objc; path = MbzDataAliase.m; sourceTree = "<group>"; };
		EE7140C31BB2369900873347 /* MbzDataArea.h */ = {isa = PBXFileReference; fileEncoding = 4; lastKnownFileType = sourcecode.c.h; path = MbzDataArea.h; sourceTree = "<group>"; };
		EE7140C41BB2369900873347 /* MbzDataArea.m */ = {isa = PBXFileReference; fileEncoding = 4; lastKnownFileType = sourcecode.c.objc; path = MbzDataArea.m; sourceTree = "<group>"; };
		EE7140C51BB2369900873347 /* MbzDataArtist.h */ = {isa = PBXFileReference; fileEncoding = 4; lastKnownFileType = sourcecode.c.h; path = MbzDataArtist.h; sourceTree = "<group>"; };
		EE7140C61BB2369900873347 /* MbzDataArtist.m */ = {isa = PBXFileReference; fileEncoding = 4; lastKnownFileType = sourcecode.c.objc; path = MbzDataArtist.m; sourceTree = "<group>"; };
		EE7140C71BB2369900873347 /* MbzDataLifeSpan.h */ = {isa = PBXFileReference; fileEncoding = 4; lastKnownFileType = sourcecode.c.h; path = MbzDataLifeSpan.h; sourceTree = "<group>"; };
		EE7140C81BB2369900873347 /* MbzDataLifeSpan.m */ = {isa = PBXFileReference; fileEncoding = 4; lastKnownFileType = sourcecode.c.objc; path = MbzDataLifeSpan.m; sourceTree = "<group>"; };
		EE7140C91BB2369900873347 /* MbzDataTag.h */ = {isa = PBXFileReference; fileEncoding = 4; lastKnownFileType = sourcecode.c.h; path = MbzDataTag.h; sourceTree = "<group>"; };
		EE7140CA1BB2369900873347 /* MbzDataTag.m */ = {isa = PBXFileReference; fileEncoding = 4; lastKnownFileType = sourcecode.c.objc; path = MbzDataTag.m; sourceTree = "<group>"; };
		EE7140CB1BB2369900873347 /* MbzApi+WebService.h */ = {isa = PBXFileReference; fileEncoding = 4; lastKnownFileType = sourcecode.c.h; path = "MbzApi+WebService.h"; sourceTree = "<group>"; };
		EE7140CC1BB2369900873347 /* MbzApi+WebService.m */ = {isa = PBXFileReference; fileEncoding = 4; lastKnownFileType = sourcecode.c.objc; path = "MbzApi+WebService.m"; sourceTree = "<group>"; };
		EE7140CD1BB2369900873347 /* MbzApi+WebServiceBrowse.h */ = {isa = PBXFileReference; fileEncoding = 4; lastKnownFileType = sourcecode.c.h; path = "MbzApi+WebServiceBrowse.h"; sourceTree = "<group>"; };
		EE7140CE1BB2369900873347 /* MbzApi+WebServiceBrowse.m */ = {isa = PBXFileReference; fileEncoding = 4; lastKnownFileType = sourcecode.c.objc; path = "MbzApi+WebServiceBrowse.m"; sourceTree = "<group>"; };
		EE7140CF1BB2369900873347 /* MbzApi+WebServiceLookup.h */ = {isa = PBXFileReference; fileEncoding = 4; lastKnownFileType = sourcecode.c.h; path = "MbzApi+WebServiceLookup.h"; sourceTree = "<group>"; };
		EE7140D01BB2369900873347 /* MbzApi+WebServiceLookup.m */ = {isa = PBXFileReference; fileEncoding = 4; lastKnownFileType = sourcecode.c.objc; path = "MbzApi+WebServiceLookup.m"; sourceTree = "<group>"; };
		EE7140D11BB2369900873347 /* MbzApi+WebServiceSearch.h */ = {isa = PBXFileReference; fileEncoding = 4; lastKnownFileType = sourcecode.c.h; path = "MbzApi+WebServiceSearch.h"; sourceTree = "<group>"; };
		EE7140D21BB2369900873347 /* MbzApi+WebServiceSearch.m */ = {isa = PBXFileReference; fileEncoding = 4; lastKnownFileType = sourcecode.c.objc; path = "MbzApi+WebServiceSearch.m"; sourceTree = "<group>"; };
		EE7140D31BB2369900873347 /* MbzApi.h */ = {isa = PBXFileReference; fileEncoding = 4; lastKnownFileType = sourcecode.c.h; path = MbzApi.h; sourceTree = "<group>"; };
		EE7140D41BB2369900873347 /* MbzApi.m */ = {isa = PBXFileReference; fileEncoding = 4; lastKnownFileType = sourcecode.c.objc; path = MbzApi.m; sourceTree = "<group>"; };
		EE7140D51BB2369900873347 /* MbzCompletion.h */ = {isa = PBXFileReference; fileEncoding = 4; lastKnownFileType = sourcecode.c.h; path = MbzCompletion.h; sourceTree = "<group>"; };
		EE7140D61BB2369900873347 /* MbzError.h */ = {isa = PBXFileReference; fileEncoding = 4; lastKnownFileType = sourcecode.c.h; path = MbzError.h; sourceTree = "<group>"; };
		EE7140D71BB2369900873347 /* MbzError.m */ = {isa = PBXFileReference; fileEncoding = 4; lastKnownFileType = sourcecode.c.objc; path = MbzError.m; sourceTree = "<group>"; };
		EE7140D81BB2369900873347 /* MbzResponse.h */ = {isa = PBXFileReference; fileEncoding = 4; lastKnownFileType = sourcecode.c.h; path = MbzResponse.h; sourceTree = "<group>"; };
		EE7140D91BB2369900873347 /* MbzResponse.m */ = {isa = PBXFileReference; fileEncoding = 4; lastKnownFileType = sourcecode.c.objc; path = MbzResponse.m; sourceTree = "<group>"; };
		EE7140DA1BB2369900873347 /* NSString+DoubleQuotesString.h */ = {isa = PBXFileReference; fileEncoding = 4; lastKnownFileType = sourcecode.c.h; path = "NSString+DoubleQuotesString.h"; sourceTree = "<group>"; };
		EE7140DB1BB2369900873347 /* NSString+DoubleQuotesString.m */ = {isa = PBXFileReference; fileEncoding = 4; lastKnownFileType = sourcecode.c.objc; path = "NSString+DoubleQuotesString.m"; sourceTree = "<group>"; };
		EE7140DC1BB2369900873347 /* NSString+URLQueryString.h */ = {isa = PBXFileReference; fileEncoding = 4; lastKnownFileType = sourcecode.c.h; path = "NSString+URLQueryString.h"; sourceTree = "<group>"; };
		EE7140DD1BB2369900873347 /* NSString+URLQueryString.m */ = {isa = PBXFileReference; fileEncoding = 4; lastKnownFileType = sourcecode.c.objc; path = "NSString+URLQueryString.m"; sourceTree = "<group>"; };
		EE7140DE1BB2369900873347 /* RawResponse.h */ = {isa = PBXFileReference; fileEncoding = 4; lastKnownFileType = sourcecode.c.h; path = RawResponse.h; sourceTree = "<group>"; };
		EE7140DF1BB2369900873347 /* RawResponse.m */ = {isa = PBXFileReference; fileEncoding = 4; lastKnownFileType = sourcecode.c.objc; path = RawResponse.m; sourceTree = "<group>"; };
		EE7140F51BB2493E00873347 /* ListViewController.h */ = {isa = PBXFileReference; fileEncoding = 4; lastKnownFileType = sourcecode.c.h; path = ListViewController.h; sourceTree = "<group>"; };
		EE7140F61BB2493E00873347 /* ListViewController.m */ = {isa = PBXFileReference; fileEncoding = 4; lastKnownFileType = sourcecode.c.objc; path = ListViewController.m; sourceTree = "<group>"; };
		EE7140F81BB2497700873347 /* ListViewDataLoader.h */ = {isa = PBXFileReference; fileEncoding = 4; lastKnownFileType = sourcecode.c.h; path = ListViewDataLoader.h; sourceTree = "<group>"; };
		EE7140F91BB2497700873347 /* ListViewDataLoader.m */ = {isa = PBXFileReference; fileEncoding = 4; lastKnownFileType = sourcecode.c.objc; path = ListViewDataLoader.m; sourceTree = "<group>"; };
		EE7140FB1BB24AF500873347 /* SearchListViewController.h */ = {isa = PBXFileReference; fileEncoding = 4; lastKnownFileType = sourcecode.c.h; path = SearchListViewController.h; sourceTree = "<group>"; };
		EE7140FC1BB24AF500873347 /* SearchListViewController.m */ = {isa = PBXFileReference; fileEncoding = 4; lastKnownFileType = sourcecode.c.objc; path = SearchListViewController.m; sourceTree = "<group>"; };
		EE7140FE1BB24BF700873347 /* MbzArtistListViewController.h */ = {isa = PBXFileReference; fileEncoding = 4; lastKnownFileType = sourcecode.c.h; path = MbzArtistListViewController.h; sourceTree = "<group>"; };
		EE7140FF1BB24BF700873347 /* MbzArtistListViewController.m */ = {isa = PBXFileReference; fileEncoding = 4; lastKnownFileType = sourcecode.c.objc; path = MbzArtistListViewController.m; sourceTree = "<group>"; };
		EE7141011BB24CB500873347 /* MbzReleaseListViewController.h */ = {isa = PBXFileReference; fileEncoding = 4; lastKnownFileType = sourcecode.c.h; path = MbzReleaseListViewController.h; sourceTree = "<group>"; };
		EE7141021BB24CB500873347 /* MbzReleaseListViewController.m */ = {isa = PBXFileReference; fileEncoding = 4; lastKnownFileType = sourcecode.c.objc; path = MbzReleaseListViewController.m; sourceTree = "<group>"; };
		EE7141041BB250E300873347 /* MbzRecordingListViewController.h */ = {isa = PBXFileReference; fileEncoding = 4; lastKnownFileType = sourcecode.c.h; path = MbzRecordingListViewController.h; sourceTree = "<group>"; };
		EE7141051BB250E300873347 /* MbzRecordingListViewController.m */ = {isa = PBXFileReference; fileEncoding = 4; lastKnownFileType = sourcecode.c.objc; path = MbzRecordingListViewController.m; sourceTree = "<group>"; };
		EE71410A1BB277E000873347 /* MbzAreaListViewController.h */ = {isa = PBXFileReference; fileEncoding = 4; lastKnownFileType = sourcecode.c.h; path = MbzAreaListViewController.h; sourceTree = "<group>"; };
		EE71410B1BB277E000873347 /* MbzAreaListViewController.m */ = {isa = PBXFileReference; fileEncoding = 4; lastKnownFileType = sourcecode.c.objc; path = MbzAreaListViewController.m; sourceTree = "<group>"; };
		EE71410D1BB2782C00873347 /* MbzInstrumentListViewController.h */ = {isa = PBXFileReference; fileEncoding = 4; lastKnownFileType = sourcecode.c.h; path = MbzInstrumentListViewController.h; sourceTree = "<group>"; };
		EE71410E1BB2782C00873347 /* MbzInstrumentListViewController.m */ = {isa = PBXFileReference; fileEncoding = 4; lastKnownFileType = sourcecode.c.objc; path = MbzInstrumentListViewController.m; sourceTree = "<group>"; };
/* End PBXFileReference section */

/* Begin PBXFrameworksBuildPhase section */
		EE7140921BB2352600873347 /* Frameworks */ = {
			isa = PBXFrameworksBuildPhase;
			buildActionMask = 2147483647;
			files = (
				F4908422F85D261E1DB77D9D /* libPods.a in Frameworks */,
			);
			runOnlyForDeploymentPostprocessing = 0;
		};
		EE7140AB1BB2352600873347 /* Frameworks */ = {
			isa = PBXFrameworksBuildPhase;
			buildActionMask = 2147483647;
			files = (
				84E20E2FD5FD2AE56CC2AF7A /* libPods-MusicBrainzTests.a in Frameworks */,
			);
			runOnlyForDeploymentPostprocessing = 0;
		};
/* End PBXFrameworksBuildPhase section */

/* Begin PBXGroup section */
		862E2893BDCA196FB2F3A6CC /* Pods */ = {
			isa = PBXGroup;
			children = (
				DCE3F75C505572CEA64F0525 /* Pods.debug.xcconfig */,
				9E2EC8B28C46310E1D64BB40 /* Pods.release.xcconfig */,
				A4538D9968D53EE7BAB5B778 /* Pods-MusicBrainzTests.debug.xcconfig */,
				3A9D56BCBAB0E2BA5AD9AD08 /* Pods-MusicBrainzTests.release.xcconfig */,
			);
			name = Pods;
			sourceTree = "<group>";
		};
		CFD4A69E45CDD21C352D8BC4 /* Frameworks */ = {
			isa = PBXGroup;
			children = (
				8AB568F8A681E595DE5D5373 /* libPods.a */,
				0DBA124568BC7F5A833A25C1 /* libPods-MusicBrainzTests.a */,
			);
			name = Frameworks;
			sourceTree = "<group>";
		};
		EE71408C1BB2352600873347 = {
			isa = PBXGroup;
			children = (
				EE7140971BB2352600873347 /* App */,
				EE7140BD1BB2369900873347 /* MusicBrainz */,
				EE7140B11BB2352600873347 /* MusicBrainzTests */,
				EE7140961BB2352600873347 /* Products */,
				862E2893BDCA196FB2F3A6CC /* Pods */,
				CFD4A69E45CDD21C352D8BC4 /* Frameworks */,
			);
			sourceTree = "<group>";
		};
		EE7140961BB2352600873347 /* Products */ = {
			isa = PBXGroup;
			children = (
				EE7140951BB2352600873347 /* MusicBrainz.app */,
				EE7140AE1BB2352600873347 /* MusicBrainzTests.xctest */,
			);
			name = Products;
			sourceTree = "<group>";
		};
		EE7140971BB2352600873347 /* App */ = {
			isa = PBXGroup;
			children = (
				EE71409B1BB2352600873347 /* AppDelegate.h */,
				EE71409C1BB2352600873347 /* AppDelegate.m */,
				EE71409E1BB2352600873347 /* HomeViewController.h */,
				EE71409F1BB2352600873347 /* HomeViewController.m */,
				EE7140F41BB2492500873347 /* Pages */,
				EE7140F01BB2383000873347 /* Resources */,
				EE7140981BB2352600873347 /* Supporting Files */,
			);
			path = App;
			sourceTree = "<group>";
		};
		EE7140981BB2352600873347 /* Supporting Files */ = {
			isa = PBXGroup;
			children = (
				EE7140991BB2352600873347 /* main.m */,
				EE7140A91BB2352600873347 /* Info.plist */,
			);
			name = "Supporting Files";
			sourceTree = "<group>";
		};
		EE7140B11BB2352600873347 /* MusicBrainzTests */ = {
			isa = PBXGroup;
			children = (
				EE7140B21BB2352600873347 /* MusicBrainzTests.m */,
				EE7140B41BB2352600873347 /* Info.plist */,
			);
			path = MusicBrainzTests;
			sourceTree = "<group>";
		};
		EE7140BD1BB2369900873347 /* MusicBrainz */ = {
			isa = PBXGroup;
			children = (
				EE7140BE1BB2369900873347 /* Data */,
				EE7140CB1BB2369900873347 /* MbzApi+WebService.h */,
				EE7140CC1BB2369900873347 /* MbzApi+WebService.m */,
				EE7140CD1BB2369900873347 /* MbzApi+WebServiceBrowse.h */,
				EE7140CE1BB2369900873347 /* MbzApi+WebServiceBrowse.m */,
				EE7140CF1BB2369900873347 /* MbzApi+WebServiceLookup.h */,
				EE7140D01BB2369900873347 /* MbzApi+WebServiceLookup.m */,
				EE7140D11BB2369900873347 /* MbzApi+WebServiceSearch.h */,
				EE7140D21BB2369900873347 /* MbzApi+WebServiceSearch.m */,
				EE7140D31BB2369900873347 /* MbzApi.h */,
				EE7140D41BB2369900873347 /* MbzApi.m */,
				EE7140D51BB2369900873347 /* MbzCompletion.h */,
				EE7140D61BB2369900873347 /* MbzError.h */,
				EE7140D71BB2369900873347 /* MbzError.m */,
				EE7140D81BB2369900873347 /* MbzResponse.h */,
				EE7140D91BB2369900873347 /* MbzResponse.m */,
				EE7140DA1BB2369900873347 /* NSString+DoubleQuotesString.h */,
				EE7140DB1BB2369900873347 /* NSString+DoubleQuotesString.m */,
				EE7140DC1BB2369900873347 /* NSString+URLQueryString.h */,
				EE7140DD1BB2369900873347 /* NSString+URLQueryString.m */,
				EE7140DE1BB2369900873347 /* RawResponse.h */,
				EE7140DF1BB2369900873347 /* RawResponse.m */,
			);
			path = MusicBrainz;
			sourceTree = "<group>";
		};
		EE7140BE1BB2369900873347 /* Data */ = {
			isa = PBXGroup;
			children = (
				EE7140BF1BB2369900873347 /* MbzData.h */,
				EE7140C01BB2369900873347 /* MbzData.m */,
				EE7140C11BB2369900873347 /* MbzDataAliase.h */,
				EE7140C21BB2369900873347 /* MbzDataAliase.m */,
				EE7140C31BB2369900873347 /* MbzDataArea.h */,
				EE7140C41BB2369900873347 /* MbzDataArea.m */,
				EE7140C51BB2369900873347 /* MbzDataArtist.h */,
				EE7140C61BB2369900873347 /* MbzDataArtist.m */,
				EE7140C71BB2369900873347 /* MbzDataLifeSpan.h */,
				EE7140C81BB2369900873347 /* MbzDataLifeSpan.m */,
				EE7140C91BB2369900873347 /* MbzDataTag.h */,
				EE7140CA1BB2369900873347 /* MbzDataTag.m */,
			);
			path = Data;
			sourceTree = "<group>";
		};
		EE7140F01BB2383000873347 /* Resources */ = {
			isa = PBXGroup;
			children = (
				EE7140A41BB2352600873347 /* Assets.xcassets */,
				EE7140A11BB2352600873347 /* Main.storyboard */,
				EE7140A61BB2352600873347 /* LaunchScreen.storyboard */,
			);
			name = Resources;
			sourceTree = "<group>";
		};
		EE7140F41BB2492500873347 /* Pages */ = {
			isa = PBXGroup;
			children = (
				EE7140F51BB2493E00873347 /* ListViewController.h */,
				EE7140F61BB2493E00873347 /* ListViewController.m */,
				EE7140F81BB2497700873347 /* ListViewDataLoader.h */,
				EE7140F91BB2497700873347 /* ListViewDataLoader.m */,
				EE7140FB1BB24AF500873347 /* SearchListViewController.h */,
				EE7140FC1BB24AF500873347 /* SearchListViewController.m */,
				EE7140FE1BB24BF700873347 /* MbzArtistListViewController.h */,
				EE7140FF1BB24BF700873347 /* MbzArtistListViewController.m */,
				EE7141011BB24CB500873347 /* MbzReleaseListViewController.h */,
				EE7141021BB24CB500873347 /* MbzReleaseListViewController.m */,
				EE7141041BB250E300873347 /* MbzRecordingListViewController.h */,
				EE7141051BB250E300873347 /* MbzRecordingListViewController.m */,
				EE71410A1BB277E000873347 /* MbzAreaListViewController.h */,
				EE71410B1BB277E000873347 /* MbzAreaListViewController.m */,
				EE71410D1BB2782C00873347 /* MbzInstrumentListViewController.h */,
				EE71410E1BB2782C00873347 /* MbzInstrumentListViewController.m */,
			);
			path = Pages;
			sourceTree = "<group>";
		};
/* End PBXGroup section */

/* Begin PBXNativeTarget section */
		EE7140941BB2352600873347 /* MusicBrainz */ = {
			isa = PBXNativeTarget;
			buildConfigurationList = EE7140B71BB2352600873347 /* Build configuration list for PBXNativeTarget "MusicBrainz" */;
			buildPhases = (
				3DEC342644831C9CE402716D /* Check Pods Manifest.lock */,
				EE7140911BB2352600873347 /* Sources */,
				EE7140921BB2352600873347 /* Frameworks */,
				EE7140931BB2352600873347 /* Resources */,
				4FD1B38D0EA49D03C2F222AF /* Copy Pods Resources */,
			);
			buildRules = (
			);
			dependencies = (
			);
			name = MusicBrainz;
			productName = MusicBrainz;
			productReference = EE7140951BB2352600873347 /* MusicBrainz.app */;
			productType = "com.apple.product-type.application";
		};
		EE7140AD1BB2352600873347 /* MusicBrainzTests */ = {
			isa = PBXNativeTarget;
			buildConfigurationList = EE7140BA1BB2352600873347 /* Build configuration list for PBXNativeTarget "MusicBrainzTests" */;
			buildPhases = (
				5DFD334278CAA2FA00612086 /* Check Pods Manifest.lock */,
				EE7140AA1BB2352600873347 /* Sources */,
				EE7140AB1BB2352600873347 /* Frameworks */,
				EE7140AC1BB2352600873347 /* Resources */,
				5BDC5217A8C0E7A3152B723A /* Copy Pods Resources */,
			);
			buildRules = (
			);
			dependencies = (
				EE7140B01BB2352600873347 /* PBXTargetDependency */,
			);
			name = MusicBrainzTests;
			productName = MusicBrainzTests;
			productReference = EE7140AE1BB2352600873347 /* MusicBrainzTests.xctest */;
			productType = "com.apple.product-type.bundle.unit-test";
		};
/* End PBXNativeTarget section */

/* Begin PBXProject section */
		EE71408D1BB2352600873347 /* Project object */ = {
			isa = PBXProject;
			attributes = {
				LastUpgradeCheck = 0700;
				ORGANIZATIONNAME = yg;
				TargetAttributes = {
					EE7140941BB2352600873347 = {
						CreatedOnToolsVersion = 7.0;
					};
					EE7140AD1BB2352600873347 = {
						CreatedOnToolsVersion = 7.0;
						TestTargetID = EE7140941BB2352600873347;
					};
				};
			};
			buildConfigurationList = EE7140901BB2352600873347 /* Build configuration list for PBXProject "MusicBrainz" */;
			compatibilityVersion = "Xcode 3.2";
			developmentRegion = English;
			hasScannedForEncodings = 0;
			knownRegions = (
				en,
				Base,
			);
			mainGroup = EE71408C1BB2352600873347;
			productRefGroup = EE7140961BB2352600873347 /* Products */;
			projectDirPath = "";
			projectRoot = "";
			targets = (
				EE7140941BB2352600873347 /* MusicBrainz */,
				EE7140AD1BB2352600873347 /* MusicBrainzTests */,
			);
		};
/* End PBXProject section */

/* Begin PBXResourcesBuildPhase section */
		EE7140931BB2352600873347 /* Resources */ = {
			isa = PBXResourcesBuildPhase;
			buildActionMask = 2147483647;
			files = (
				EE7140A81BB2352600873347 /* LaunchScreen.storyboard in Resources */,
				EE7140A51BB2352600873347 /* Assets.xcassets in Resources */,
				EE7140A31BB2352600873347 /* Main.storyboard in Resources */,
			);
			runOnlyForDeploymentPostprocessing = 0;
		};
		EE7140AC1BB2352600873347 /* Resources */ = {
			isa = PBXResourcesBuildPhase;
			buildActionMask = 2147483647;
			files = (
			);
			runOnlyForDeploymentPostprocessing = 0;
		};
/* End PBXResourcesBuildPhase section */

/* Begin PBXShellScriptBuildPhase section */
		3DEC342644831C9CE402716D /* Check Pods Manifest.lock */ = {
			isa = PBXShellScriptBuildPhase;
			buildActionMask = 2147483647;
			files = (
			);
			inputPaths = (
			);
			name = "Check Pods Manifest.lock";
			outputPaths = (
			);
			runOnlyForDeploymentPostprocessing = 0;
			shellPath = /bin/sh;
			shellScript = "diff \"${PODS_ROOT}/../Podfile.lock\" \"${PODS_ROOT}/Manifest.lock\" > /dev/null\nif [[ $? != 0 ]] ; then\n    cat << EOM\nerror: The sandbox is not in sync with the Podfile.lock. Run 'pod install' or update your CocoaPods installation.\nEOM\n    exit 1\nfi\n";
			showEnvVarsInLog = 0;
		};
		4FD1B38D0EA49D03C2F222AF /* Copy Pods Resources */ = {
			isa = PBXShellScriptBuildPhase;
			buildActionMask = 2147483647;
			files = (
			);
			inputPaths = (
			);
			name = "Copy Pods Resources";
			outputPaths = (
			);
			runOnlyForDeploymentPostprocessing = 0;
			shellPath = /bin/sh;
			shellScript = "\"${SRCROOT}/Pods/Target Support Files/Pods/Pods-resources.sh\"\n";
			showEnvVarsInLog = 0;
		};
		5BDC5217A8C0E7A3152B723A /* Copy Pods Resources */ = {
			isa = PBXShellScriptBuildPhase;
			buildActionMask = 2147483647;
			files = (
			);
			inputPaths = (
			);
			name = "Copy Pods Resources";
			outputPaths = (
			);
			runOnlyForDeploymentPostprocessing = 0;
			shellPath = /bin/sh;
			shellScript = "\"${SRCROOT}/Pods/Target Support Files/Pods-MusicBrainzTests/Pods-MusicBrainzTests-resources.sh\"\n";
			showEnvVarsInLog = 0;
		};
		5DFD334278CAA2FA00612086 /* Check Pods Manifest.lock */ = {
			isa = PBXShellScriptBuildPhase;
			buildActionMask = 2147483647;
			files = (
			);
			inputPaths = (
			);
			name = "Check Pods Manifest.lock";
			outputPaths = (
			);
			runOnlyForDeploymentPostprocessing = 0;
			shellPath = /bin/sh;
			shellScript = "diff \"${PODS_ROOT}/../Podfile.lock\" \"${PODS_ROOT}/Manifest.lock\" > /dev/null\nif [[ $? != 0 ]] ; then\n    cat << EOM\nerror: The sandbox is not in sync with the Podfile.lock. Run 'pod install' or update your CocoaPods installation.\nEOM\n    exit 1\nfi\n";
			showEnvVarsInLog = 0;
		};
/* End PBXShellScriptBuildPhase section */

/* Begin PBXSourcesBuildPhase section */
		EE7140911BB2352600873347 /* Sources */ = {
			isa = PBXSourcesBuildPhase;
			buildActionMask = 2147483647;
			files = (
				EE7140EC1BB2369900873347 /* MbzResponse.m in Sources */,
				EE7140E71BB2369900873347 /* MbzApi+WebServiceBrowse.m in Sources */,
				EE7140A01BB2352600873347 /* HomeViewController.m in Sources */,
				EE7140E41BB2369900873347 /* MbzDataLifeSpan.m in Sources */,
				EE7140EF1BB2369900873347 /* RawResponse.m in Sources */,
				EE7141001BB24BF700873347 /* MbzArtistListViewController.m in Sources */,
				EE7140ED1BB2369900873347 /* NSString+DoubleQuotesString.m in Sources */,
				EE71410F1BB2782C00873347 /* MbzInstrumentListViewController.m in Sources */,
				EE71410C1BB277E000873347 /* MbzAreaListViewController.m in Sources */,
				EE7140E81BB2369900873347 /* MbzApi+WebServiceLookup.m in Sources */,
				EE71409D1BB2352600873347 /* AppDelegate.m in Sources */,
				EE7140FD1BB24AF500873347 /* SearchListViewController.m in Sources */,
				EE7141031BB24CB500873347 /* MbzReleaseListViewController.m in Sources */,
				EE7140E91BB2369900873347 /* MbzApi+WebServiceSearch.m in Sources */,
				EE7140E11BB2369900873347 /* MbzDataAliase.m in Sources */,
				EE7141061BB250E300873347 /* MbzRecordingListViewController.m in Sources */,
				EE7140F71BB2493E00873347 /* ListViewController.m in Sources */,
				EE7140FA1BB2497700873347 /* ListViewDataLoader.m in Sources */,
				EE7140E51BB2369900873347 /* MbzDataTag.m in Sources */,
				EE7140E61BB2369900873347 /* MbzApi+WebService.m in Sources */,
				EE71409A1BB2352600873347 /* main.m in Sources */,
				EE7140EA1BB2369900873347 /* MbzApi.m in Sources */,
				EE7140EE1BB2369900873347 /* NSString+URLQueryString.m in Sources */,
				EE7140E21BB2369900873347 /* MbzDataArea.m in Sources */,
				EE7140EB1BB2369900873347 /* MbzError.m in Sources */,
				EE7140E31BB2369900873347 /* MbzDataArtist.m in Sources */,
				EE7140E01BB2369900873347 /* MbzData.m in Sources */,
			);
			runOnlyForDeploymentPostprocessing = 0;
		};
		EE7140AA1BB2352600873347 /* Sources */ = {
			isa = PBXSourcesBuildPhase;
			buildActionMask = 2147483647;
			files = (
				EE7140B31BB2352600873347 /* MusicBrainzTests.m in Sources */,
			);
			runOnlyForDeploymentPostprocessing = 0;
		};
/* End PBXSourcesBuildPhase section */

/* Begin PBXTargetDependency section */
		EE7140B01BB2352600873347 /* PBXTargetDependency */ = {
			isa = PBXTargetDependency;
			target = EE7140941BB2352600873347 /* MusicBrainz */;
			targetProxy = EE7140AF1BB2352600873347 /* PBXContainerItemProxy */;
		};
/* End PBXTargetDependency section */

/* Begin PBXVariantGroup section */
		EE7140A11BB2352600873347 /* Main.storyboard */ = {
			isa = PBXVariantGroup;
			children = (
				EE7140A21BB2352600873347 /* Base */,
			);
			name = Main.storyboard;
			sourceTree = "<group>";
		};
		EE7140A61BB2352600873347 /* LaunchScreen.storyboard */ = {
			isa = PBXVariantGroup;
			children = (
				EE7140A71BB2352600873347 /* Base */,
			);
			name = LaunchScreen.storyboard;
			sourceTree = "<group>";
		};
/* End PBXVariantGroup section */

/* Begin XCBuildConfiguration section */
		EE7140B51BB2352600873347 /* Debug */ = {
			isa = XCBuildConfiguration;
			buildSettings = {
				ALWAYS_SEARCH_USER_PATHS = NO;
				CLANG_CXX_LANGUAGE_STANDARD = "gnu++0x";
				CLANG_CXX_LIBRARY = "libc++";
				CLANG_ENABLE_MODULES = YES;
				CLANG_ENABLE_OBJC_ARC = YES;
				CLANG_WARN_BOOL_CONVERSION = YES;
				CLANG_WARN_CONSTANT_CONVERSION = YES;
				CLANG_WARN_DIRECT_OBJC_ISA_USAGE = YES_ERROR;
				CLANG_WARN_EMPTY_BODY = YES;
				CLANG_WARN_ENUM_CONVERSION = YES;
				CLANG_WARN_INT_CONVERSION = YES;
				CLANG_WARN_OBJC_ROOT_CLASS = YES_ERROR;
				CLANG_WARN_UNREACHABLE_CODE = YES;
				CLANG_WARN__DUPLICATE_METHOD_MATCH = YES;
				"CODE_SIGN_IDENTITY[sdk=iphoneos*]" = "iPhone Developer";
				COPY_PHASE_STRIP = NO;
				DEBUG_INFORMATION_FORMAT = dwarf;
				ENABLE_STRICT_OBJC_MSGSEND = YES;
				ENABLE_TESTABILITY = YES;
				GCC_C_LANGUAGE_STANDARD = gnu99;
				GCC_DYNAMIC_NO_PIC = NO;
				GCC_NO_COMMON_BLOCKS = YES;
				GCC_OPTIMIZATION_LEVEL = 0;
				GCC_PREPROCESSOR_DEFINITIONS = (
					"DEBUG=1",
					"$(inherited)",
				);
				GCC_WARN_64_TO_32_BIT_CONVERSION = YES;
				GCC_WARN_ABOUT_RETURN_TYPE = YES_ERROR;
				GCC_WARN_UNDECLARED_SELECTOR = YES;
				GCC_WARN_UNINITIALIZED_AUTOS = YES_AGGRESSIVE;
				GCC_WARN_UNUSED_FUNCTION = YES;
				GCC_WARN_UNUSED_VARIABLE = YES;
				IPHONEOS_DEPLOYMENT_TARGET = 9.0;
				MTL_ENABLE_DEBUG_INFO = YES;
				ONLY_ACTIVE_ARCH = YES;
				SDKROOT = iphoneos;
				TARGETED_DEVICE_FAMILY = "1,2";
			};
			name = Debug;
		};
		EE7140B61BB2352600873347 /* Release */ = {
			isa = XCBuildConfiguration;
			buildSettings = {
				ALWAYS_SEARCH_USER_PATHS = NO;
				CLANG_CXX_LANGUAGE_STANDARD = "gnu++0x";
				CLANG_CXX_LIBRARY = "libc++";
				CLANG_ENABLE_MODULES = YES;
				CLANG_ENABLE_OBJC_ARC = YES;
				CLANG_WARN_BOOL_CONVERSION = YES;
				CLANG_WARN_CONSTANT_CONVERSION = YES;
				CLANG_WARN_DIRECT_OBJC_ISA_USAGE = YES_ERROR;
				CLANG_WARN_EMPTY_BODY = YES;
				CLANG_WARN_ENUM_CONVERSION = YES;
				CLANG_WARN_INT_CONVERSION = YES;
				CLANG_WARN_OBJC_ROOT_CLASS = YES_ERROR;
				CLANG_WARN_UNREACHABLE_CODE = YES;
				CLANG_WARN__DUPLICATE_METHOD_MATCH = YES;
				"CODE_SIGN_IDENTITY[sdk=iphoneos*]" = "iPhone Developer";
				COPY_PHASE_STRIP = NO;
				DEBUG_INFORMATION_FORMAT = "dwarf-with-dsym";
				ENABLE_NS_ASSERTIONS = NO;
				ENABLE_STRICT_OBJC_MSGSEND = YES;
				GCC_C_LANGUAGE_STANDARD = gnu99;
				GCC_NO_COMMON_BLOCKS = YES;
				GCC_WARN_64_TO_32_BIT_CONVERSION = YES;
				GCC_WARN_ABOUT_RETURN_TYPE = YES_ERROR;
				GCC_WARN_UNDECLARED_SELECTOR = YES;
				GCC_WARN_UNINITIALIZED_AUTOS = YES_AGGRESSIVE;
				GCC_WARN_UNUSED_FUNCTION = YES;
				GCC_WARN_UNUSED_VARIABLE = YES;
				IPHONEOS_DEPLOYMENT_TARGET = 9.0;
				MTL_ENABLE_DEBUG_INFO = NO;
				SDKROOT = iphoneos;
				TARGETED_DEVICE_FAMILY = "1,2";
				VALIDATE_PRODUCT = YES;
			};
			name = Release;
		};
		EE7140B81BB2352600873347 /* Debug */ = {
			isa = XCBuildConfiguration;
			baseConfigurationReference = DCE3F75C505572CEA64F0525 /* Pods.debug.xcconfig */;
			buildSettings = {
				ASSETCATALOG_COMPILER_APPICON_NAME = AppIcon;
				INFOPLIST_FILE = App/Info.plist;
				LD_RUNPATH_SEARCH_PATHS = "$(inherited) @executable_path/Frameworks";
				PRODUCT_BUNDLE_IDENTIFIER = pub.nero.ios.MusicBrainz;
				PRODUCT_NAME = "$(TARGET_NAME)";
			};
			name = Debug;
		};
		EE7140B91BB2352600873347 /* Release */ = {
			isa = XCBuildConfiguration;
			baseConfigurationReference = 9E2EC8B28C46310E1D64BB40 /* Pods.release.xcconfig */;
			buildSettings = {
				ASSETCATALOG_COMPILER_APPICON_NAME = AppIcon;
				INFOPLIST_FILE = App/Info.plist;
				LD_RUNPATH_SEARCH_PATHS = "$(inherited) @executable_path/Frameworks";
				PRODUCT_BUNDLE_IDENTIFIER = pub.nero.ios.MusicBrainz;
				PRODUCT_NAME = "$(TARGET_NAME)";
			};
			name = Release;
		};
		EE7140BB1BB2352600873347 /* Debug */ = {
			isa = XCBuildConfiguration;
			baseConfigurationReference = A4538D9968D53EE7BAB5B778 /* Pods-MusicBrainzTests.debug.xcconfig */;
			buildSettings = {
				BUNDLE_LOADER = "$(TEST_HOST)";
				INFOPLIST_FILE = MusicBrainzTests/Info.plist;
				LD_RUNPATH_SEARCH_PATHS = "$(inherited) @executable_path/Frameworks @loader_path/Frameworks";
				PRODUCT_BUNDLE_IDENTIFIER = pub.nero.ios.MusicBrainzTests;
				PRODUCT_NAME = "$(TARGET_NAME)";
				TEST_HOST = "$(BUILT_PRODUCTS_DIR)/MusicBrainz.app/MusicBrainz";
			};
			name = Debug;
		};
		EE7140BC1BB2352600873347 /* Release */ = {
			isa = XCBuildConfiguration;
			baseConfigurationReference = 3A9D56BCBAB0E2BA5AD9AD08 /* Pods-MusicBrainzTests.release.xcconfig */;
			buildSettings = {
				BUNDLE_LOADER = "$(TEST_HOST)";
				INFOPLIST_FILE = MusicBrainzTests/Info.plist;
				LD_RUNPATH_SEARCH_PATHS = "$(inherited) @executable_path/Frameworks @loader_path/Frameworks";
				PRODUCT_BUNDLE_IDENTIFIER = pub.nero.ios.MusicBrainzTests;
				PRODUCT_NAME = "$(TARGET_NAME)";
				TEST_HOST = "$(BUILT_PRODUCTS_DIR)/MusicBrainz.app/MusicBrainz";
			};
			name = Release;
		};
/* End XCBuildConfiguration section */

/* Begin XCConfigurationList section */
		EE7140901BB2352600873347 /* Build configuration list for PBXProject "MusicBrainz" */ = {
			isa = XCConfigurationList;
			buildConfigurations = (
				EE7140B51BB2352600873347 /* Debug */,
				EE7140B61BB2352600873347 /* Release */,
			);
			defaultConfigurationIsVisible = 0;
			defaultConfigurationName = Release;
		};
		EE7140B71BB2352600873347 /* Build configuration list for PBXNativeTarget "MusicBrainz" */ = {
			isa = XCConfigurationList;
			buildConfigurations = (
				EE7140B81BB2352600873347 /* Debug */,
				EE7140B91BB2352600873347 /* Release */,
			);
			defaultConfigurationIsVisible = 0;
			defaultConfigurationName = Release;
		};
		EE7140BA1BB2352600873347 /* Build configuration list for PBXNativeTarget "MusicBrainzTests" */ = {
			isa = XCConfigurationList;
			buildConfigurations = (
				EE7140BB1BB2352600873347 /* Debug */,
				EE7140BC1BB2352600873347 /* Release */,
			);
			defaultConfigurationIsVisible = 0;
			defaultConfigurationName = Release;
		};
/* End XCConfigurationList section */
	};
	rootObject = EE71408D1BB2352600873347 /* Project object */;
}
